
Microsoft Visual Studio Solution File, Format Version 12.00
# Visual Studio 15
VisualStudioVersion = 15.0.26014.0
MinimumVisualStudioVersion = 10.0.40219.1
Project("{FAE04EC0-301F-11D3-BF4B-00C04F79EFBC}") = "Cassiopeia", "Cassiopeia\Cassiopeia.csproj", "{1A0DCD3A-C528-4381-A5B7-D127CB1F30AC}"
EndProject
Project("{FAE04EC0-301F-11D3-BF4B-00C04F79EFBC}") = "MonoTorrent", "MonoTorrent\MonoTorrent.csproj", "{411A9E0E-FDC6-4E25-828A-0C2CD1CD96F8}"
EndProject
Project("{FAE04EC0-301F-11D3-BF4B-00C04F79EFBC}") = "Cassiopeia.BitTorrent", "Cassiopeia.BitTorrent\Cassiopeia.BitTorrent.csproj", "{40BD5DFB-F5F0-4A1A-8661-5B95E0BB540B}"
EndProject
Project("{FAE04EC0-301F-11D3-BF4B-00C04F79EFBC}") = "Cassiopeia.Common", "Cassiopeia.Common\Cassiopeia.Common.csproj", "{A5490677-5BED-4A22-B425-B583222BDCF7}"
EndProject
Global
	GlobalSection(SolutionConfigurationPlatforms) = preSolution
		Debug|Any CPU = Debug|Any CPU
		Release|Any CPU = Release|Any CPU
		Stats|Any CPU = Stats|Any CPU
	EndGlobalSection
	GlobalSection(ProjectConfigurationPlatforms) = postSolution
		{1A0DCD3A-C528-4381-A5B7-D127CB1F30AC}.Debug|Any CPU.ActiveCfg = Debug|Any CPU
		{1A0DCD3A-C528-4381-A5B7-D127CB1F30AC}.Debug|Any CPU.Build.0 = Debug|Any CPU
		{1A0DCD3A-C528-4381-A5B7-D127CB1F30AC}.Release|Any CPU.ActiveCfg = Release|Any CPU
		{1A0DCD3A-C528-4381-A5B7-D127CB1F30AC}.Release|Any CPU.Build.0 = Release|Any CPU
		{1A0DCD3A-C528-4381-A5B7-D127CB1F30AC}.Stats|Any CPU.ActiveCfg = Release|Any CPU
		{1A0DCD3A-C528-4381-A5B7-D127CB1F30AC}.Stats|Any CPU.Build.0 = Release|Any CPU
		{411A9E0E-FDC6-4E25-828A-0C2CD1CD96F8}.Debug|Any CPU.ActiveCfg = Debug|Any CPU
		{411A9E0E-FDC6-4E25-828A-0C2CD1CD96F8}.Debug|Any CPU.Build.0 = Debug|Any CPU
		{411A9E0E-FDC6-4E25-828A-0C2CD1CD96F8}.Release|Any CPU.ActiveCfg = Release|Any CPU
		{411A9E0E-FDC6-4E25-828A-0C2CD1CD96F8}.Release|Any CPU.Build.0 = Release|Any CPU
		{411A9E0E-FDC6-4E25-828A-0C2CD1CD96F8}.Stats|Any CPU.ActiveCfg = Stats|Any CPU
		{411A9E0E-FDC6-4E25-828A-0C2CD1CD96F8}.Stats|Any CPU.Build.0 = Stats|Any CPU
		{40BD5DFB-F5F0-4A1A-8661-5B95E0BB540B}.Debug|Any CPU.ActiveCfg = Debug|Any CPU
		{40BD5DFB-F5F0-4A1A-8661-5B95E0BB540B}.Debug|Any CPU.Build.0 = Debug|Any CPU
		{40BD5DFB-F5F0-4A1A-8661-5B95E0BB540B}.Release|Any CPU.ActiveCfg = Release|Any CPU
		{40BD5DFB-F5F0-4A1A-8661-5B95E0BB540B}.Release|Any CPU.Build.0 = Release|Any CPU
		{40BD5DFB-F5F0-4A1A-8661-5B95E0BB540B}.Stats|Any CPU.ActiveCfg = Release|Any CPU
		{40BD5DFB-F5F0-4A1A-8661-5B95E0BB540B}.Stats|Any CPU.Build.0 = Release|Any CPU
		{A5490677-5BED-4A22-B425-B583222BDCF7}.Debug|Any CPU.ActiveCfg = Debug|Any CPU
		{A5490677-5BED-4A22-B425-B583222BDCF7}.Debug|Any CPU.Build.0 = Debug|Any CPU
		{A5490677-5BED-4A22-B425-B583222BDCF7}.Release|Any CPU.ActiveCfg = Release|Any CPU
		{A5490677-5BED-4A22-B425-B583222BDCF7}.Release|Any CPU.Build.0 = Release|Any CPU
		{A5490677-5BED-4A22-B425-B583222BDCF7}.Stats|Any CPU.ActiveCfg = Release|Any CPU
		{A5490677-5BED-4A22-B425-B583222BDCF7}.Stats|Any CPU.Build.0 = Release|Any CPU
	EndGlobalSection
	GlobalSection(SolutionProperties) = preSolution
		HideSolutionNode = FALSE
	EndGlobalSection
EndGlobal
